
Microsoft Visual Studio Solution File, Format Version 12.00
# Visual Studio Version 17
VisualStudioVersion = 17.11.35327.3
MinimumVisualStudioVersion = 10.0.40219.1
Project("{FAE04EC0-301F-11D3-BF4B-00C04F79EFBC}") = "Jeu de combat avec moteur", "Jeu de combat avec moteur\Jeu de combat avec moteur.csproj", "{29929026-D501-4CCE-B117-695341D6955B}"
EndProject
Global
	GlobalSection(SolutionConfigurationPlatforms) = preSolution
		Debug|Any CPU = Debug|Any CPU
		Release|Any CPU = Release|Any CPU
	EndGlobalSection
	GlobalSection(ProjectConfigurationPlatforms) = postSolution
		{29929026-D501-4CCE-B117-695341D6955B}.Debug|Any CPU.ActiveCfg = Debug|Any CPU
		{29929026-D501-4CCE-B117-695341D6955B}.Debug|Any CPU.Build.0 = Debug|Any CPU
		{29929026-D501-4CCE-B117-695341D6955B}.Release|Any CPU.ActiveCfg = Release|Any CPU
		{29929026-D501-4CCE-B117-695341D6955B}.Release|Any CPU.Build.0 = Release|Any CPU
	EndGlobalSection
	GlobalSection(SolutionProperties) = preSolution
		HideSolutionNode = FALSE
	EndGlobalSection
	GlobalSection(ExtensibilityGlobals) = postSolution
		SolutionGuid = {4222BA89-1FFB-4524-9674-5EBED9D2AB0E}
	EndGlobalSection
EndGlobal
